
Microsoft Visual Studio Solution File, Format Version 12.00
# Visual Studio 2015
Project("{FAE04EC0-301F-11D3-BF4B-00C04F79EFBC}") = "PathTracerPrototype", "PathTracerPrototype.csproj", "{AE8BEC4D-642D-DC00-B55B-0C5EB23941B5}"
EndProject
Global
	GlobalSection(SolutionConfigurationPlatforms) = preSolution
		Debug|Any CPU = Debug|Any CPU
		Release|Any CPU = Release|Any CPU
	EndGlobalSection
	GlobalSection(ProjectConfigurationPlatforms) = postSolution
		{AE8BEC4D-642D-DC00-B55B-0C5EB23941B5}.Debug|Any CPU.ActiveCfg = Debug|Any CPU
		{AE8BEC4D-642D-DC00-B55B-0C5EB23941B5}.Debug|Any CPU.Build.0 = Debug|Any CPU
		{AE8BEC4D-642D-DC00-B55B-0C5EB23941B5}.Release|Any CPU.ActiveCfg = Release|Any CPU
		{AE8BEC4D-642D-DC00-B55B-0C5EB23941B5}.Release|Any CPU.Build.0 = Release|Any CPU
	EndGlobalSection
	GlobalSection(SolutionProperties) = preSolution
		HideSolutionNode = FALSE
	EndGlobalSection
EndGlobal
